
Microsoft Visual Studio Solution File, Format Version 12.00
# Visual Studio 14
VisualStudioVersion = 14.0.24720.0
MinimumVisualStudioVersion = 10.0.40219.1
Project("{FAE04EC0-301F-11D3-BF4B-00C04F79EFBC}") = "AspNetMvcSeo", "src\AspNetMvcSeo\AspNetMvcSeo.csproj", "{7BDFE64D-A52D-4419-9062-ED1C215335F6}"
EndProject
Project("{2150E333-8FDC-42A3-9474-1A3956D46DE8}") = "tests", "tests", "{BA3D6C9F-1877-4379-9EE2-0DBA7BC1FAE0}"
EndProject
Project("{FAE04EC0-301F-11D3-BF4B-00C04F79EFBC}") = "AspNetMvcSeo.Tests", "tests\AspNetMvcSeo.Tests\AspNetMvcSeo.Tests.csproj", "{699BCB38-9548-4329-BF78-4768AF472CF6}"
EndProject
Global
	GlobalSection(SolutionConfigurationPlatforms) = preSolution
		Debug|Any CPU = Debug|Any CPU
		Release|Any CPU = Release|Any CPU
	EndGlobalSection
	GlobalSection(ProjectConfigurationPlatforms) = postSolution
		{7BDFE64D-A52D-4419-9062-ED1C215335F6}.Debug|Any CPU.ActiveCfg = Debug|Any CPU
		{7BDFE64D-A52D-4419-9062-ED1C215335F6}.Debug|Any CPU.Build.0 = Debug|Any CPU
		{7BDFE64D-A52D-4419-9062-ED1C215335F6}.Release|Any CPU.ActiveCfg = Release|Any CPU
		{7BDFE64D-A52D-4419-9062-ED1C215335F6}.Release|Any CPU.Build.0 = Release|Any CPU
		{699BCB38-9548-4329-BF78-4768AF472CF6}.Debug|Any CPU.ActiveCfg = Debug|Any CPU
		{699BCB38-9548-4329-BF78-4768AF472CF6}.Debug|Any CPU.Build.0 = Debug|Any CPU
		{699BCB38-9548-4329-BF78-4768AF472CF6}.Release|Any CPU.ActiveCfg = Release|Any CPU
		{699BCB38-9548-4329-BF78-4768AF472CF6}.Release|Any CPU.Build.0 = Release|Any CPU
	EndGlobalSection
	GlobalSection(SolutionProperties) = preSolution
		HideSolutionNode = FALSE
	EndGlobalSection
	GlobalSection(NestedProjects) = preSolution
		{699BCB38-9548-4329-BF78-4768AF472CF6} = {BA3D6C9F-1877-4379-9EE2-0DBA7BC1FAE0}
	EndGlobalSection
EndGlobal
